{
  "name": "stats",
  "version": "1.0.0",
  "lockfileVersion": 3,
  "requires": true,
  "packages": {
    "": {
      "name": "stats",
      "version": "1.0.0",
      "license": "ISC",
      "dependencies": {
        "@types/node": "^18.11.16"
      }
    },
    "node_modules/@types/node": {
      "version": "18.11.16",
      "resolved": "https://registry.npmjs.org/@types/node/-/node-18.11.16.tgz",
      "integrity": "sha512-6T7P5bDkRhqRxrQtwj7vru+bWTpelgtcETAZEUSdq0YISKz8WKdoBukQLYQQ6DFHvU9JRsbFq0JH5C51X2ZdnA=="
    }
  }
}
